Microsoft Visual Studio Solution File, Format Version 12.00
# Visual Studio 2012
Project("{FAE04EC0-301F-11D3-BF4B-00C04F79EFBC}") = "SubterraneanSalvage", "SubterraneanSalvage.csproj", "{D927CCA9-1B26-4B5E-9FEB-8F3C00C287FE}"
EndProject
Global
	GlobalSection(SolutionConfigurationPlatforms) = preSolution
	Debug|Any CPU = Debug|Any CPU
	ExportDebug|Any CPU = ExportDebug|Any CPU
	ExportRelease|Any CPU = ExportRelease|Any CPU
	EndGlobalSection
	GlobalSection(ProjectConfigurationPlatforms) = postSolution
		{D927CCA9-1B26-4B5E-9FEB-8F3C00C287FE}.Debug|Any CPU.ActiveCfg = Debug|Any CPU
		{D927CCA9-1B26-4B5E-9FEB-8F3C00C287FE}.Debug|Any CPU.Build.0 = Debug|Any CPU
		{D927CCA9-1B26-4B5E-9FEB-8F3C00C287FE}.ExportDebug|Any CPU.ActiveCfg = ExportDebug|Any CPU
		{D927CCA9-1B26-4B5E-9FEB-8F3C00C287FE}.ExportDebug|Any CPU.Build.0 = ExportDebug|Any CPU
		{D927CCA9-1B26-4B5E-9FEB-8F3C00C287FE}.ExportRelease|Any CPU.ActiveCfg = ExportRelease|Any CPU
		{D927CCA9-1B26-4B5E-9FEB-8F3C00C287FE}.ExportRelease|Any CPU.Build.0 = ExportRelease|Any CPU
	EndGlobalSection
EndGlobal
